
Microsoft Visual Studio Solution File, Format Version 12.00
# Visual Studio Version 17
VisualStudioVersion = 17.4.33205.214
MinimumVisualStudioVersion = 10.0.40219.1
Project("{8BC9CEB8-8B4A-11D0-8D11-00A0C91BC942}") = "small_ball", "small_ball\small_ball.vcxproj", "{A3175699-C22F-4E7A-AE92-62A4F2BAA956}"
EndProject
Project("{8BC9CEB8-8B4A-11D0-8D11-00A0C91BC942}") = "grammar", "grammar\grammar.vcxproj", "{13A5D79E-5479-46B3-90BA-BEA74D4D9670}"
EndProject
Global
	GlobalSection(SolutionConfigurationPlatforms) = preSolution
		Debug|x64 = Debug|x64
		Debug|x86 = Debug|x86
		Release|x64 = Release|x64
		Release|x86 = Release|x86
	EndGlobalSection
	GlobalSection(ProjectConfigurationPlatforms) = postSolution
		{A3175699-C22F-4E7A-AE92-62A4F2BAA956}.Debug|x64.ActiveCfg = Debug|x64
		{A3175699-C22F-4E7A-AE92-62A4F2BAA956}.Debug|x64.Build.0 = Debug|x64
		{A3175699-C22F-4E7A-AE92-62A4F2BAA956}.Debug|x86.ActiveCfg = Debug|Win32
		{A3175699-C22F-4E7A-AE92-62A4F2BAA956}.Debug|x86.Build.0 = Debug|Win32
		{A3175699-C22F-4E7A-AE92-62A4F2BAA956}.Release|x64.ActiveCfg = Release|x64
		{A3175699-C22F-4E7A-AE92-62A4F2BAA956}.Release|x64.Build.0 = Release|x64
		{A3175699-C22F-4E7A-AE92-62A4F2BAA956}.Release|x86.ActiveCfg = Release|Win32
		{A3175699-C22F-4E7A-AE92-62A4F2BAA956}.Release|x86.Build.0 = Release|Win32
		{13A5D79E-5479-46B3-90BA-BEA74D4D9670}.Debug|x64.ActiveCfg = Debug|x64
		{13A5D79E-5479-46B3-90BA-BEA74D4D9670}.Debug|x64.Build.0 = Debug|x64
		{13A5D79E-5479-46B3-90BA-BEA74D4D9670}.Debug|x86.ActiveCfg = Debug|Win32
		{13A5D79E-5479-46B3-90BA-BEA74D4D9670}.Debug|x86.Build.0 = Debug|Win32
		{13A5D79E-5479-46B3-90BA-BEA74D4D9670}.Release|x64.ActiveCfg = Release|x64
		{13A5D79E-5479-46B3-90BA-BEA74D4D9670}.Release|x64.Build.0 = Release|x64
		{13A5D79E-5479-46B3-90BA-BEA74D4D9670}.Release|x86.ActiveCfg = Release|Win32
		{13A5D79E-5479-46B3-90BA-BEA74D4D9670}.Release|x86.Build.0 = Release|Win32
	EndGlobalSection
	GlobalSection(SolutionProperties) = preSolution
		HideSolutionNode = FALSE
	EndGlobalSection
	GlobalSection(ExtensibilityGlobals) = postSolution
		SolutionGuid = {E7C34CA7-D824-4106-8755-70327137138E}
	EndGlobalSection
EndGlobal
